{
    "_readme": [
        "This file locks the dependencies of your project to a known state",
        "Read more about it at https://getcomposer.org/doc/01-basic-usage.md#composer-lock-the-lock-file",
        "This file is @generated automatically"
    ],
    "content-hash": "5008d83f2b483a9f3ee7c272d02f3a17",
    "packages": [
        {
            "name": "adbario/php-dot-notation",
            "version": "2.x-dev",
            "source": {
                "type": "git",
                "url": "https://github.com/adbario/php-dot-notation.git",
                "reference": "90c0b7d5e4103326d9d80f5a043d9cb55b24fc70"
            },
            "dist": {
                "type": "zip",
                "url": "https://mirrors.huaweicloud.com/repository/php/dist/adbario/php-dot-notation/adbario-php-dot-notation-2.x-dev-90c0b7d5.zip",
                "reference": "90c0b7d5e4103326d9d80f5a043d9cb55b24fc70",
                "shasum": "056612f9c719d9e67e06b19857e6b0e7bb308aec"
            },
            "require": {
                "php": ">=5.5"
            },
            "require-dev": {
                "phpunit/phpunit": "^4.0|^5.0|^6.0",
                "squizlabs/php_codesniffer": "^3.0"
            },
            "type": "library",
            "autoload": {
                "files": [
                    "src/helpers.php"
                ],
                "psr-4": {
                    "Adbar\\": "src"
                }
            },
            "license": [
                "MIT"
            ],
            "authors": [
                {
                    "name": "Riku Särkinen",
                    "email": "riku@adbar.io"
                }
            ],
            "description": "PHP dot notation access to arrays",
            "homepage": "https://github.com/adbario/php-dot-notation",
            "keywords": [
                "ArrayAccess",
                "dotnotation"
            ],
            "time": "2017-09-22T08:44:27+00:00"
        },
        {
            "name": "alibabacloud/client",
            "version": "1.5.12",
            "source": {
                "type": "git",
                "url": "https://github.com/aliyun/openapi-sdk-php-client.git",
                "reference": "d4df3b5b47ac7eae5e1670841c71451ecbcc1e3c"
            },
            "dist": {
                "type": "zip",
                "url": "https://mirrors.huaweicloud.com/repository/php/dist/alibabacloud/client/alibabacloud-client-1.5.12-d4df3b5b.zip",
                "reference": "d4df3b5b47ac7eae5e1670841c71451ecbcc1e3c",
                "shasum": "2cbb234404916e154c673e6858ec551d75aefc27"
            },
            "require": {
                "adbario/php-dot-notation": "^2.2",
                "clagiordano/weblibs-configmanager": "^1.0",
                "danielstjules/stringy": "^3.1",
                "ext-curl": "*",
                "ext-json": "*",
                "ext-libxml": "*",
                "ext-mbstring": "*",
                "ext-openssl": "*",
                "ext-simplexml": "*",
                "ext-xmlwriter": "*",
                "guzzlehttp/guzzle": "^6.3",
                "mtdowling/jmespath.php": "^2.4",
                "php": ">=5.5"
            },
            "require-dev": {
                "composer/composer": "^1.8",
                "drupal/coder": "^8.3",
                "ext-dom": "*",
                "ext-pcre": "*",
                "ext-sockets": "*",
                "ext-spl": "*",
                "league/climate": "^3.2.4",
                "mikey179/vfsstream": "^1.6",
                "monolog/monolog": "^1.24",
                "phpunit/phpunit": "^4.8.35|^5.4.3",
                "psr/cache": "^1.0",
                "symfony/dotenv": "^3.4",
                "symfony/var-dumper": "^3.4"
            },
            "suggest": {
                "ext-sockets": "To use client-side monitoring"
            },
            "type": "library",
            "autoload": {
                "files": [
                    "src/Functions.php"
                ],
                "psr-4": {
                    "AlibabaCloud\\Client\\": "src"
                }
            },
            "license": [
                "Apache-2.0"
            ],
            "authors": [
                {
                    "homepage": "http://www.alibabacloud.com",
                    "name": "Alibaba Cloud SDK",
                    "email": "sdk-team@alibabacloud.com"
                }
            ],
            "description": "Alibaba Cloud Client for PHP - Use Alibaba Cloud in your PHP project",
            "homepage": "https://www.alibabacloud.com/",
            "keywords": [
                "alibaba",
                "alibabacloud",
                "aliyun",
                "client",
                "cloud",
                "library",
                "sdk",
                "tool"
            ],
            "time": "2019-06-20T05:31:48+00:00"
        },
        {
            "name": "clagiordano/weblibs-configmanager",
            "version": "v1.0.6",
            "source": {
                "type": "git",
                "url": "https://github.com/clagiordano/weblibs-configmanager.git",
                "reference": "d1869310b9f57812581ff56cf4b456cbcc0d0516"
            },
            "dist": {
                "type": "zip",
                "url": "https://mirrors.huaweicloud.com/repository/php/dist/clagiordano/weblibs-configmanager/clagiordano-weblibs-configmanager-v1.0.6-d1869310.zip",
                "reference": "d1869310b9f57812581ff56cf4b456cbcc0d0516",
                "shasum": "5c92443cfe17536f1a3752b139d8ab4220b3ba8d"
            },
            "require": {
                "php": ">=5.4"
            },
            "require-dev": {
                "phpunit/phpunit": "*"
            },
            "type": "library",
            "autoload": {
                "psr-4": {
                    "clagiordano\\weblibs\\configmanager\\": "src/"
                }
            },
            "license": [
                "LGPL-3.0"
            ],
            "authors": [
                {
                    "role": "Developer",
                    "name": "Claudio Giordano",
                    "email": "claudio.giordano@autistici.org"
                }
            ],
            "description": "weblibs-configmanager is a tool library for easily read and access to php config array file and direct read/write configuration file / object",
            "keywords": [
                "clagiordano",
                "configuration",
                "manager",
                "tool",
                "weblibs"
            ],
            "time": "2016-08-23T19:11:20+00:00"
        },
        {
            "name": "danielstjules/stringy",
            "version": "3.1.0",
            "source": {
                "type": "git",
                "url": "https://github.com/danielstjules/Stringy.git",
                "reference": "df24ab62d2d8213bbbe88cc36fc35a4503b4bd7e"
            },
            "dist": {
                "type": "zip",
                "url": "https://mirrors.huaweicloud.com/repository/php/dist/danielstjules/stringy/danielstjules-stringy-3.1.0-df24ab62.zip",
                "reference": "df24ab62d2d8213bbbe88cc36fc35a4503b4bd7e",
                "shasum": "0e66dc2b587ed98413aaa373dbed682d23dfa0a5"
            },
            "require": {
                "php": ">=5.4.0",
                "symfony/polyfill-mbstring": "~1.1"
            },
            "require-dev": {
                "phpunit/phpunit": "~4.0"
            },
            "type": "library",
            "autoload": {
                "files": [
                    "src/Create.php"
                ],
                "psr-4": {
                    "Stringy\\": "src/"
                }
            },
            "license": [
                "MIT"
            ],
            "authors": [
                {
                    "homepage": "http://www.danielstjules.com",
                    "name": "Daniel St. Jules",
                    "email": "danielst.jules@gmail.com"
                }
            ],
            "description": "A string manipulation library with multibyte support",
            "homepage": "https://github.com/danielstjules/Stringy",
            "keywords": [
                "UTF",
                "helpers",
                "manipulation",
                "methods",
                "multibyte",
                "string",
                "utf-8",
                "utility",
                "utils"
            ],
            "time": "2017-06-12T01:10:27+00:00"
        },
        {
            "name": "guzzlehttp/guzzle",
            "version": "dev-master",
            "source": {
                "type": "git",
                "url": "https://github.com/guzzle/guzzle.git",
                "reference": "ca2892a8c2778c1821899fd2c79932e3b895f2ad"
            },
            "dist": {
                "type": "zip",
                "url": "https://api.github.com/repos/guzzle/guzzle/zipball/ca2892a8c2778c1821899fd2c79932e3b895f2ad",
                "reference": "ca2892a8c2778c1821899fd2c79932e3b895f2ad",
                "shasum": ""
            },
            "require": {
                "ext-json": "*",
                "guzzlehttp/promises": "^1.0",
                "guzzlehttp/psr7": "^1.4",
                "php": ">=5.5"
            },
            "require-dev": {
                "ext-curl": "*",
                "phpunit/phpunit": "^4.8.35 || ^5.7 || ^6.4 || ^7.0",
                "psr/log": "^1.1"
            },
            "suggest": {
                "psr/log": "Required for using the Log middleware"
            },
            "type": "library",
            "extra": {
                "branch-alias": {
                    "dev-master": "6.3-dev"
                }
            },
            "autoload": {
                "files": [
                    "src/functions_include.php"
                ],
                "psr-4": {
                    "GuzzleHttp\\": "src/"
                }
            },
            "license": [
                "MIT"
            ],
            "authors": [
                {
                    "homepage": "https://github.com/mtdowling",
                    "name": "Michael Dowling",
                    "email": "mtdowling@gmail.com"
                }
            ],
            "description": "Guzzle is a PHP HTTP client library",
            "homepage": "http://guzzlephp.org/",
            "keywords": [
                "client",
                "curl",
                "framework",
                "http",
                "http client",
                "rest",
                "web service"
            ],
            "time": "2019-05-12T12:35:22+00:00"
        },
        {
            "name": "guzzlehttp/promises",
            "version": "dev-master",
            "source": {
                "type": "git",
                "url": "https://github.com/guzzle/promises.git",
                "reference": "17d36ed176c998839582c739ce0753381598edf0"
            },
            "dist": {
                "type": "zip",
                "url": "https://api.github.com/repos/guzzle/promises/zipball/17d36ed176c998839582c739ce0753381598edf0",
                "reference": "17d36ed176c998839582c739ce0753381598edf0",
                "shasum": ""
            },
            "require": {
                "php": ">=5.6"
            },
            "require-dev": {
                "phpunit/phpunit": "^5.7.27 || ^7.5"
            },
            "type": "library",
            "extra": {
                "branch-alias": {
                    "dev-master": "1.4-dev"
                }
            },
            "autoload": {
                "files": [
                    "src/functions_include.php"
                ],
                "psr-4": {
                    "GuzzleHttp\\Promise\\": "src/"
                }
            },
            "license": [
                "MIT"
            ],
            "authors": [
                {
                    "homepage": "https://github.com/mtdowling",
                    "name": "Michael Dowling",
                    "email": "mtdowling@gmail.com"
                }
            ],
            "description": "Guzzle promises library",
            "keywords": [
                "promise"
            ],
            "time": "2019-07-02T14:54:06+00:00"
        },
        {
            "name": "guzzlehttp/psr7",
            "version": "1.x-dev",
            "source": {
                "type": "git",
                "url": "https://github.com/guzzle/psr7.git",
                "reference": "239400de7a173fe9901b9ac7c06497751f00727a"
            },
            "dist": {
                "type": "zip",
                "url": "https://mirrors.huaweicloud.com/repository/php/dist/guzzlehttp/psr7/guzzlehttp-psr7-1.x-dev-dc784032.zip",
                "reference": "239400de7a173fe9901b9ac7c06497751f00727a",
                "shasum": "11a1e1bf16a1f15d048910b04156809eb1501616"
            },
            "require": {
                "php": ">=5.4.0",
                "psr/http-message": "~1.0",
                "ralouphie/getallheaders": "^2.0.5 || ^3.0.0"
            },
            "provide": {
                "psr/http-message-implementation": "1.0"
            },
            "require-dev": {
                "ext-zlib": "*",
                "phpunit/phpunit": "~4.8.36 || ^5.7.27 || ^6.5.8"
            },
            "suggest": {
                "zendframework/zend-httphandlerrunner": "Emit PSR-7 responses"
            },
            "type": "library",
            "extra": {
                "branch-alias": {
                    "dev-master": "1.6-dev"
                }
            },
            "autoload": {
                "files": [
                    "src/functions_include.php"
                ],
                "psr-4": {
                    "GuzzleHttp\\Psr7\\": "src/"
                }
            },
            "license": [
                "MIT"
            ],
            "authors": [
                {
                    "homepage": "https://github.com/mtdowling",
                    "name": "Michael Dowling",
                    "email": "mtdowling@gmail.com"
                },
                {
                    "homepage": "https://github.com/Tobion",
                    "name": "Tobias Schultze"
                }
            ],
            "description": "PSR-7 message implementation that also provides common utility methods",
            "keywords": [
                "http",
                "message",
                "psr-7",
                "request",
                "response",
                "stream",
                "uri",
                "url"
            ],
            "time": "2019-07-01T23:21:34+00:00"
        },
        {
            "name": "mtdowling/jmespath.php",
            "version": "2.4.0",
            "source": {
                "type": "git",
                "url": "https://github.com/jmespath/jmespath.php.git",
                "reference": "adcc9531682cf87dfda21e1fd5d0e7a41d292fac"
            },
            "dist": {
                "type": "zip",
                "url": "https://mirrors.huaweicloud.com/repository/php/dist/mtdowling/jmespath.php/mtdowling-jmespath.php-2.4.0-adcc9531.zip",
                "reference": "adcc9531682cf87dfda21e1fd5d0e7a41d292fac",
                "shasum": "c3a7c1764cb55654e20e5088fa7d63511d2d9a9b"
            },
            "require": {
                "php": ">=5.4.0"
            },
            "require-dev": {
                "phpunit/phpunit": "~4.0"
            },
            "bin": [
                "bin/jp.php"
            ],
            "type": "library",
            "extra": {
                "branch-alias": {
                    "dev-master": "2.0-dev"
                }
            },
            "autoload": {
                "files": [
                    "src/JmesPath.php"
                ],
                "psr-4": {
                    "JmesPath\\": "src/"
                }
            },
            "license": [
                "MIT"
            ],
            "authors": [
                {
                    "homepage": "https://github.com/mtdowling",
                    "name": "Michael Dowling",
                    "email": "mtdowling@gmail.com"
                }
            ],
            "description": "Declaratively specify how to extract elements from a JSON document",
            "keywords": [
                "json",
                "jsonpath"
            ],
            "time": "2016-12-03T22:08:25+00:00"
        },
        {
            "name": "psr/http-message",
            "version": "dev-master",
            "source": {
                "type": "git",
                "url": "https://github.com/php-fig/http-message.git",
                "reference": "f6561bf28d520154e4b0ec72be95418abe6d9363"
            },
            "dist": {
                "type": "zip",
                "url": "https://api.github.com/repos/php-fig/http-message/zipball/f6561bf28d520154e4b0ec72be95418abe6d9363",
                "reference": "f6561bf28d520154e4b0ec72be95418abe6d9363",
                "shasum": ""
            },
            "require": {
                "php": ">=5.3.0"
            },
            "type": "library",
            "extra": {
                "branch-alias": {
                    "dev-master": "1.0.x-dev"
                }
            },
            "autoload": {
                "psr-4": {
                    "Psr\\Http\\Message\\": "src/"
                }
            },
            "license": [
                "MIT"
            ],
            "authors": [
                {
                    "homepage": "http://www.php-fig.org/",
                    "name": "PHP-FIG"
                }
            ],
            "description": "Common interface for HTTP messages",
            "homepage": "https://github.com/php-fig/http-message",
            "keywords": [
                "http",
                "http-message",
                "psr",
                "psr-7",
                "request",
                "response"
            ],
            "time": "2016-08-06T14:39:51+00:00"
        },
        {
            "name": "ralouphie/getallheaders",
            "version": "3.0.3",
            "source": {
                "type": "git",
                "url": "https://github.com/ralouphie/getallheaders.git",
                "reference": "120b605dfeb996808c31b6477290a714d356e822"
            },
            "dist": {
                "type": "zip",
                "url": "https://mirrors.huaweicloud.com/repository/php/dist/ralouphie/getallheaders/ralouphie-getallheaders-3.0.3-120b605d.zip",
                "reference": "120b605dfeb996808c31b6477290a714d356e822",
                "shasum": "df29504a0c03f30167beabc8d3fe07dd2cfdb852"
            },
            "require": {
                "php": ">=5.6"
            },
            "require-dev": {
                "php-coveralls/php-coveralls": "^2.1",
                "phpunit/phpunit": "^5 || ^6.5"
            },
            "type": "library",
            "autoload": {
                "files": [
                    "src/getallheaders.php"
                ]
            },
            "license": [
                "MIT"
            ],
            "authors": [
                {
                    "name": "Ralph Khattar",
                    "email": "ralph.khattar@gmail.com"
                }
            ],
            "description": "A polyfill for getallheaders.",
            "time": "2019-03-08T08:55:37+00:00"
        },
        {
            "name": "symfony/polyfill-mbstring",
            "version": "dev-master",
            "source": {
                "type": "git",
                "url": "https://github.com/symfony/polyfill-mbstring.git",
                "reference": "fe5e94c604826c35a32fa832f35bd036b6799609"
            },
            "dist": {
                "type": "zip",
                "url": "https://api.github.com/repos/symfony/polyfill-mbstring/zipball/fe5e94c604826c35a32fa832f35bd036b6799609",
                "reference": "fe5e94c604826c35a32fa832f35bd036b6799609",
                "shasum": ""
            },
            "require": {
                "php": ">=5.3.3"
            },
            "suggest": {
                "ext-mbstring": "For best performance"
            },
            "type": "library",
            "extra": {
                "branch-alias": {
                    "dev-master": "1.11-dev"
                }
            },
            "autoload": {
                "files": [
                    "bootstrap.php"
                ],
                "psr-4": {
                    "Symfony\\Polyfill\\Mbstring\\": ""
                }
            },
            "license": [
                "MIT"
            ],
            "authors": [
                {
                    "name": "Nicolas Grekas",
                    "email": "p@tchwork.com"
                },
                {
                    "homepage": "https://symfony.com/contributors",
                    "name": "Symfony Community"
                }
            ],
            "description": "Symfony polyfill for the Mbstring extension",
            "homepage": "https://symfony.com",
            "keywords": [
                "compatibility",
                "mbstring",
                "polyfill",
                "portable",
                "shim"
            ],
            "time": "2019-02-06T07:57:58+00:00"
        }
    ],
    "packages-dev": [],
    "aliases": [],
    "minimum-stability": "dev",
    "stability-flags": [],
    "prefer-stable": false,
    "prefer-lowest": false,
    "platform": [],
    "platform-dev": []
}
